
Microsoft Visual Studio Solution File, Format Version 12.00
# Visual Studio Version 16
VisualStudioVersion = 16.0.29806.167
MinimumVisualStudioVersion = 10.0.40219.1
Project("{9A19103F-16F7-4668-BE54-9A1E7A4F7556}") = "AbstractFunction", "AbstractFunction\AbstractFunction.csproj", "{F1CFA4AA-ED9A-4FF5-A063-71C2042F6D02}"
EndProject
Project("{9A19103F-16F7-4668-BE54-9A1E7A4F7556}") = "AbstractEditorOptions", "AbstractEditorOptions\AbstractEditorOptions.csproj", "{B02AE71B-8E3B-493D-B659-9A5AB633BACB}"
EndProject
Project("{FAE04EC0-301F-11D3-BF4B-00C04F79EFBC}") = "TextEditorCommands", "TextEditorCommands\TextEditorCommands.csproj", "{C12B6271-89EF-4DD7-99DB-3EF139723DD7}"
EndProject
Project("{FAE04EC0-301F-11D3-BF4B-00C04F79EFBC}") = "Calculator", "Calculator\Calculator.csproj", "{131566A1-59F3-4F68-AF47-1D60BC38983D}"
EndProject
Global
	GlobalSection(SolutionConfigurationPlatforms) = preSolution
		Debug|Any CPU = Debug|Any CPU
		Release|Any CPU = Release|Any CPU
	EndGlobalSection
	GlobalSection(ProjectConfigurationPlatforms) = postSolution
		{F1CFA4AA-ED9A-4FF5-A063-71C2042F6D02}.Debug|Any CPU.ActiveCfg = Debug|Any CPU
		{F1CFA4AA-ED9A-4FF5-A063-71C2042F6D02}.Debug|Any CPU.Build.0 = Debug|Any CPU
		{F1CFA4AA-ED9A-4FF5-A063-71C2042F6D02}.Release|Any CPU.ActiveCfg = Release|Any CPU
		{F1CFA4AA-ED9A-4FF5-A063-71C2042F6D02}.Release|Any CPU.Build.0 = Release|Any CPU
		{B02AE71B-8E3B-493D-B659-9A5AB633BACB}.Debug|Any CPU.ActiveCfg = Debug|Any CPU
		{B02AE71B-8E3B-493D-B659-9A5AB633BACB}.Debug|Any CPU.Build.0 = Debug|Any CPU
		{B02AE71B-8E3B-493D-B659-9A5AB633BACB}.Release|Any CPU.ActiveCfg = Release|Any CPU
		{B02AE71B-8E3B-493D-B659-9A5AB633BACB}.Release|Any CPU.Build.0 = Release|Any CPU
		{C12B6271-89EF-4DD7-99DB-3EF139723DD7}.Debug|Any CPU.ActiveCfg = Debug|Any CPU
		{C12B6271-89EF-4DD7-99DB-3EF139723DD7}.Debug|Any CPU.Build.0 = Debug|Any CPU
		{C12B6271-89EF-4DD7-99DB-3EF139723DD7}.Release|Any CPU.ActiveCfg = Release|Any CPU
		{C12B6271-89EF-4DD7-99DB-3EF139723DD7}.Release|Any CPU.Build.0 = Release|Any CPU
		{131566A1-59F3-4F68-AF47-1D60BC38983D}.Debug|Any CPU.ActiveCfg = Debug|Any CPU
		{131566A1-59F3-4F68-AF47-1D60BC38983D}.Debug|Any CPU.Build.0 = Debug|Any CPU
		{131566A1-59F3-4F68-AF47-1D60BC38983D}.Release|Any CPU.ActiveCfg = Release|Any CPU
		{131566A1-59F3-4F68-AF47-1D60BC38983D}.Release|Any CPU.Build.0 = Release|Any CPU
	EndGlobalSection
	GlobalSection(SolutionProperties) = preSolution
		HideSolutionNode = FALSE
	EndGlobalSection
	GlobalSection(ExtensibilityGlobals) = postSolution
		SolutionGuid = {ED455D7F-C08C-4A83-8A71-C6F67E96DD95}
	EndGlobalSection
EndGlobal
